
Microsoft Visual Studio Solution File, Format Version 12.00
<<<<<<< HEAD
# Visual Studio 2013
VisualStudioVersion = 12.0.21005.1
MinimumVisualStudioVersion = 10.0.40219.1
Project("{FAE04EC0-301F-11D3-BF4B-00C04F79EFBC}") = "IndianOstrich", "IndianOstrich\IndianOstrich.csproj", "{18BEC9FE-BC93-46B7-A7AD-DDC1D63A55E7}"
=======
# Visual Studio Express 2013 for Windows Desktop
VisualStudioVersion = 12.0.21005.1
MinimumVisualStudioVersion = 10.0.40219.1
Project("{FAE04EC0-301F-11D3-BF4B-00C04F79EFBC}") = "IndianOstrich", "IndianOstrich\IndianOstrich.csproj", "{42ADD559-66CD-416B-AE68-D3EA37B33C74}"
>>>>>>> 96287cb7e003558b9dded597a78cdfc54844c565
EndProject
Global
	GlobalSection(SolutionConfigurationPlatforms) = preSolution
		Debug|Any CPU = Debug|Any CPU
		Release|Any CPU = Release|Any CPU
	EndGlobalSection
	GlobalSection(ProjectConfigurationPlatforms) = postSolution
<<<<<<< HEAD
		{18BEC9FE-BC93-46B7-A7AD-DDC1D63A55E7}.Debug|Any CPU.ActiveCfg = Debug|Any CPU
		{18BEC9FE-BC93-46B7-A7AD-DDC1D63A55E7}.Debug|Any CPU.Build.0 = Debug|Any CPU
		{18BEC9FE-BC93-46B7-A7AD-DDC1D63A55E7}.Release|Any CPU.ActiveCfg = Release|Any CPU
		{18BEC9FE-BC93-46B7-A7AD-DDC1D63A55E7}.Release|Any CPU.Build.0 = Release|Any CPU
=======
		{42ADD559-66CD-416B-AE68-D3EA37B33C74}.Debug|Any CPU.ActiveCfg = Debug|Any CPU
		{42ADD559-66CD-416B-AE68-D3EA37B33C74}.Debug|Any CPU.Build.0 = Debug|Any CPU
		{42ADD559-66CD-416B-AE68-D3EA37B33C74}.Release|Any CPU.ActiveCfg = Release|Any CPU
		{42ADD559-66CD-416B-AE68-D3EA37B33C74}.Release|Any CPU.Build.0 = Release|Any CPU
>>>>>>> 96287cb7e003558b9dded597a78cdfc54844c565
	EndGlobalSection
	GlobalSection(SolutionProperties) = preSolution
		HideSolutionNode = FALSE
	EndGlobalSection
EndGlobal
